
Microsoft Visual Studio Solution File, Format Version 12.00
# Visual Studio 15
VisualStudioVersion = 15.0.28010.2046
MinimumVisualStudioVersion = 10.0.40219.1
Project("{FAE04EC0-301F-11D3-BF4B-00C04F79EFBC}") = "Hello", "Hello\Hello.csproj", "{AA530BD4-E555-41EE-A1D5-379BF74CE2A7}"
EndProject
Global
	GlobalSection(SolutionConfigurationPlatforms) = preSolution
		Debug|Any CPU = Debug|Any CPU
		Release|Any CPU = Release|Any CPU
	EndGlobalSection
	GlobalSection(ProjectConfigurationPlatforms) = postSolution
		{AA530BD4-E555-41EE-A1D5-379BF74CE2A7}.Debug|Any CPU.ActiveCfg = Debug|Any CPU
		{AA530BD4-E555-41EE-A1D5-379BF74CE2A7}.Debug|Any CPU.Build.0 = Debug|Any CPU
		{AA530BD4-E555-41EE-A1D5-379BF74CE2A7}.Release|Any CPU.ActiveCfg = Release|Any CPU
		{AA530BD4-E555-41EE-A1D5-379BF74CE2A7}.Release|Any CPU.Build.0 = Release|Any CPU
	EndGlobalSection
	GlobalSection(SolutionProperties) = preSolution
		HideSolutionNode = FALSE
	EndGlobalSection
	GlobalSection(ExtensibilityGlobals) = postSolution
		SolutionGuid = {9AB6DA67-3D8C-436C-84A9-00E055F40E80}
	EndGlobalSection
EndGlobal
